{
  "requires": true,
  "lockfileVersion": 1,
  "dependencies": {
    "async-limiter": {
      "version": "1.0.1",
      "resolved": "https://registry.npmjs.org/async-limiter/-/async-limiter-1.0.1.tgz",
      "integrity": "sha512-csOlWGAcRFJaI6m+F2WKdnMKr4HhdhFVBk0H/QbJFMCr+uO2kwohwXQPxw/9OCxp05r5ghVBFSyioixx3gfkNQ=="
    },
    "iso8601-duration": {
      "version": "1.2.0",
      "resolved": "https://registry.npmjs.org/iso8601-duration/-/iso8601-duration-1.2.0.tgz",
      "integrity": "sha512-ErTBd++b17E8nmWII1K1uZtBgD1E8RjyvwmxlCjPHNqHMD7gmcMHOw0E8Ro/6+QT4PhHRSnnMo7bxa1vFPkwhg=="
    },
    "javascript-state-machine": {
      "version": "3.1.0",
      "resolved": "https://registry.npmjs.org/javascript-state-machine/-/javascript-state-machine-3.1.0.tgz",
      "integrity": "sha512-BwhYxQ1OPenBPXC735RgfB+ZUG8H3kjsx8hrYTgWnoy6TPipEy4fiicyhT2lxRKAXq9pG7CfFT8a2HLr6Hmwxg=="
    },
    "loglevel": {
      "version": "1.6.4",
      "resolved": "https://registry.npmjs.org/loglevel/-/loglevel-1.6.4.tgz",
      "integrity": "sha512-p0b6mOGKcGa+7nnmKbpzR6qloPbrgLcnio++E+14Vo/XffOGwZtRpUhr8dTH/x2oCMmEoIU0Zwm3ZauhvYD17g=="
    },
    "operation-retrier": {
      "version": "3.0.1",
      "resolved": "https://registry.npmjs.org/operation-retrier/-/operation-retrier-3.0.1.tgz",
      "integrity": "sha512-lmrISisi5nbu0WNXBCMagrdJFwLUYFnaas87PgOMM3aNi+Z2YFvyC5K7/cAJuNUtpljztwJPzvp8bho02sAMAg=="
    },
    "platform": {
      "version": "1.3.5",
      "resolved": "https://registry.npmjs.org/platform/-/platform-1.3.5.tgz",
      "integrity": "sha512-TuvHS8AOIZNAlE77WUDiR4rySV/VMptyMfcfeoMgs4P8apaZM3JrnbzBiixKUv+XR6i+BXrQh8WAnjaSPFO65Q=="
    },
    "rfc6902": {
      "version": "3.0.4",
      "resolved": "https://registry.npmjs.org/rfc6902/-/rfc6902-3.0.4.tgz",
      "integrity": "sha512-OnzreaZXrwT5w2ikKXWr5QcuI7NZpL+J3hIkAwozjOnKVUL7fPsB8Vcmu8YBiiou1/r3V0Jc0T1uQDyfAPvLzA=="
    },
    "twilio-chat": {
      "version": "3.3.2",
      "resolved": "https://registry.npmjs.org/twilio-chat/-/twilio-chat-3.3.2.tgz",
      "integrity": "sha512-yUXO/nRXDk9MH0gds8JwxQqI85BLAIYZ+qRyFP124u8jSBqZkskXvZ7Sh2HRsy6ppHN34q2CbDvJE90Fc1dUow==",
      "requires": {
        "iso8601-duration": "^1.2.0",
        "loglevel": "^1.6.3",
        "operation-retrier": "^3.0.0",
        "platform": "^1.3.5",
        "rfc6902": "^3.0.2",
        "twilio-mcs-client": "^0.3.1",
        "twilio-notifications": "^0.5.8",
        "twilio-sync": "^0.11.4",
        "twilsock": "^0.5.11",
        "uuid": "^3.3.2"
      }
    },
    "twilio-mcs-client": {
      "version": "0.3.1",
      "resolved": "https://registry.npmjs.org/twilio-mcs-client/-/twilio-mcs-client-0.3.1.tgz",
      "integrity": "sha512-lNt9a5Uucqno+Xhacw3d9G2/i/n3F9wLhqQvYybyZ0e0O0nmDJaTVNHi5tyJURTcPTUNu/XyNJvWRK8BXuplnw==",
      "requires": {
        "loglevel": "^1.6.4",
        "operation-retrier": "^3.0.1",
        "xmlhttprequest": "^1.8.0"
      }
    },
    "twilio-notifications": {
      "version": "0.5.8",
      "resolved": "https://registry.npmjs.org/twilio-notifications/-/twilio-notifications-0.5.8.tgz",
      "integrity": "sha512-iUpEoRKhO6VDtyTuR3N1Nc9tzqaJnWoq99/FDcRwTOSlFNrzcDR/wb6eC36JgsnHGUAlwvjM9rmy0EcfdvtPzA==",
      "requires": {
        "loglevel": "^1.6.3",
        "operation-retrier": "^3.0.0",
        "twilsock": "^0.5.11",
        "uuid": "^3.2.1"
      }
    },
    "twilio-sync": {
      "version": "0.11.4",
      "resolved": "https://registry.npmjs.org/twilio-sync/-/twilio-sync-0.11.4.tgz",
      "integrity": "sha512-1Vyvrs5YsSQT+1vrqRWFIenVSCj3p7JwfeGqW60V04eFgrQPrs7huBKPGCZE1RkZ8P2PKOIiYBGnuLa+o81E7Q==",
      "requires": {
        "loglevel": "^1.6.3",
        "operation-retrier": "^3.0.0",
        "platform": "^1.3.5",
        "twilio-notifications": "^0.5.8",
        "twilsock": "^0.5.11",
        "uuid": "^3.3.2"
      }
    },
    "twilsock": {
      "version": "0.5.11",
      "resolved": "https://registry.npmjs.org/twilsock/-/twilsock-0.5.11.tgz",
      "integrity": "sha512-SjhNPRAcCQBxpRlKKIoL4k+kxXxoPTIJsGDch5oo8Way3WTr8NRXEbTdK8IgB8nFEs8PGZnCk0mrzCTu0KfO0g==",
      "requires": {
        "javascript-state-machine": "^3.0.1",
        "loglevel": "^1.6.3",
        "operation-retrier": "^3.0.0",
        "platform": "^1.3.5",
        "uuid": "^3.2.1",
        "ws": "^5.1.0"
      }
    },
    "uuid": {
      "version": "3.3.3",
      "resolved": "https://registry.npmjs.org/uuid/-/uuid-3.3.3.tgz",
      "integrity": "sha512-pW0No1RGHgzlpHJO1nsVrHKpOEIxkGg1xB+v0ZmdNH5OAeAwzAVrCnI2/6Mtx+Uys6iaylxa+D3g4j63IKKjSQ=="
    },
    "ws": {
      "version": "5.2.2",
      "resolved": "https://registry.npmjs.org/ws/-/ws-5.2.2.tgz",
      "integrity": "sha512-jaHFD6PFv6UgoIVda6qZllptQsMlDEJkTQcybzzXDYM1XO9Y8em691FGMPmM46WGyLU4z9KMgQN+qrux/nhlHA==",
      "requires": {
        "async-limiter": "~1.0.0"
      }
    },
    "xmlhttprequest": {
      "version": "1.8.0",
      "resolved": "https://registry.npmjs.org/xmlhttprequest/-/xmlhttprequest-1.8.0.tgz",
      "integrity": "sha1-Z/4HXFwk/vOfnWX197f+dRcZaPw="
    }
  }
}
